
Microsoft Visual Studio Solution File, Format Version 12.00
# Visual Studio Version 17
VisualStudioVersion = 17.14.36221.1
MinimumVisualStudioVersion = 10.0.40219.1
Project("{FAE04EC0-301F-11D3-BF4B-00C04F79EFBC}") = "round-table-console", "round-table-console\round-table-console.csproj", "{A2DD8650-683B-4D33-A2AB-4021CDD8DDAF}"
EndProject
Project("{FAE04EC0-301F-11D3-BF4B-00C04F79EFBC}") = "actor1", "actor1\actor1.csproj", "{08930CDB-491C-42C2-B992-7F7034D2441F}"
EndProject
Project("{FAE04EC0-301F-11D3-BF4B-00C04F79EFBC}") = "actor2", "actor2\actor2.csproj", "{AA6EAFF3-4328-43F3-8CEE-C5C0FA54819A}"
EndProject
Project("{FAE04EC0-301F-11D3-BF4B-00C04F79EFBC}") = "shared", "shared\shared.csproj", "{00BD682B-75A2-4A40-83E1-FE8D326A1FEF}"
EndProject
Global
	GlobalSection(SolutionConfigurationPlatforms) = preSolution
		Debug|Any CPU = Debug|Any CPU
		Release|Any CPU = Release|Any CPU
	EndGlobalSection
	GlobalSection(ProjectConfigurationPlatforms) = postSolution
		{A2DD8650-683B-4D33-A2AB-4021CDD8DDAF}.Debug|Any CPU.ActiveCfg = Debug|Any CPU
		{A2DD8650-683B-4D33-A2AB-4021CDD8DDAF}.Debug|Any CPU.Build.0 = Debug|Any CPU
		{A2DD8650-683B-4D33-A2AB-4021CDD8DDAF}.Release|Any CPU.ActiveCfg = Release|Any CPU
		{A2DD8650-683B-4D33-A2AB-4021CDD8DDAF}.Release|Any CPU.Build.0 = Release|Any CPU
		{08930CDB-491C-42C2-B992-7F7034D2441F}.Debug|Any CPU.ActiveCfg = Debug|Any CPU
		{08930CDB-491C-42C2-B992-7F7034D2441F}.Debug|Any CPU.Build.0 = Debug|Any CPU
		{08930CDB-491C-42C2-B992-7F7034D2441F}.Release|Any CPU.ActiveCfg = Release|Any CPU
		{08930CDB-491C-42C2-B992-7F7034D2441F}.Release|Any CPU.Build.0 = Release|Any CPU
		{AA6EAFF3-4328-43F3-8CEE-C5C0FA54819A}.Debug|Any CPU.ActiveCfg = Debug|Any CPU
		{AA6EAFF3-4328-43F3-8CEE-C5C0FA54819A}.Debug|Any CPU.Build.0 = Debug|Any CPU
		{AA6EAFF3-4328-43F3-8CEE-C5C0FA54819A}.Release|Any CPU.ActiveCfg = Release|Any CPU
		{AA6EAFF3-4328-43F3-8CEE-C5C0FA54819A}.Release|Any CPU.Build.0 = Release|Any CPU
		{00BD682B-75A2-4A40-83E1-FE8D326A1FEF}.Debug|Any CPU.ActiveCfg = Debug|Any CPU
		{00BD682B-75A2-4A40-83E1-FE8D326A1FEF}.Debug|Any CPU.Build.0 = Debug|Any CPU
		{00BD682B-75A2-4A40-83E1-FE8D326A1FEF}.Release|Any CPU.ActiveCfg = Release|Any CPU
		{00BD682B-75A2-4A40-83E1-FE8D326A1FEF}.Release|Any CPU.Build.0 = Release|Any CPU
	EndGlobalSection
	GlobalSection(SolutionProperties) = preSolution
		HideSolutionNode = FALSE
	EndGlobalSection
	GlobalSection(ExtensibilityGlobals) = postSolution
		SolutionGuid = {A41C3163-B279-4E9C-BCF1-6673C25CBFB0}
	EndGlobalSection
EndGlobal
